// !$*UTF8*$!
{
	archiveVersion = 1;
	classes = {
	};
	objectVersion = 50;
	objects = {

/* Begin PBXBuildFile section */
		0C81463217428D05BF868CD6 /* Pods_CapstoneUITests.framework in Frameworks */ = {isa = PBXBuildFile; fileRef = D9BB37D87BB704F64F6E5481 /* Pods_CapstoneUITests.framework */; };
		2806CC8FED9071DC1709E7DD /* Pods_Capstone.framework in Frameworks */ = {isa = PBXBuildFile; fileRef = 9E67C7CCE648AA7D67446BC9 /* Pods_Capstone.framework */; };
		4255E87B22775A2000F57711 /* AppDelegate.swift in Sources */ = {isa = PBXBuildFile; fileRef = 4255E87A22775A2000F57711 /* AppDelegate.swift */; };
		4255E88022775A2000F57711 /* Main.storyboard in Resources */ = {isa = PBXBuildFile; fileRef = 4255E87E22775A2000F57711 /* Main.storyboard */; };
		4255E88222775A2100F57711 /* Assets.xcassets in Resources */ = {isa = PBXBuildFile; fileRef = 4255E88122775A2100F57711 /* Assets.xcassets */; };
		4255E88522775A2100F57711 /* LaunchScreen.storyboard in Resources */ = {isa = PBXBuildFile; fileRef = 4255E88322775A2100F57711 /* LaunchScreen.storyboard */; };
		4255E89022775A2100F57711 /* CapstoneTests.swift in Sources */ = {isa = PBXBuildFile; fileRef = 4255E88F22775A2100F57711 /* CapstoneTests.swift */; };
		4255E89B22775A2100F57711 /* CapstoneUITests.swift in Sources */ = {isa = PBXBuildFile; fileRef = 4255E89A22775A2100F57711 /* CapstoneUITests.swift */; };
		4255E8A922775D1800F57711 /* CommonNavigationController.swift in Sources */ = {isa = PBXBuildFile; fileRef = 4255E8A822775D1800F57711 /* CommonNavigationController.swift */; };
		4279442F22777712004E24C8 /* mainViewController.swift in Sources */ = {isa = PBXBuildFile; fileRef = 4279442E22777712004E24C8 /* mainViewController.swift */; };
		42794431227780BD004E24C8 /* settingsViewController.swift in Sources */ = {isa = PBXBuildFile; fileRef = 42794430227780BD004E24C8 /* settingsViewController.swift */; };
		A924EC85BCACBB3E6AAAFAA7 /* Pods_CapstoneTests.framework in Frameworks */ = {isa = PBXBuildFile; fileRef = FDB14E40EDB448E20B8096D0 /* Pods_CapstoneTests.framework */; };
/* End PBXBuildFile section */

/* Begin PBXContainerItemProxy section */
		4255E88C22775A2100F57711 /* PBXContainerItemProxy */ = {
			isa = PBXContainerItemProxy;
			containerPortal = 4255E86F22775A2000F57711 /* Project object */;
			proxyType = 1;
			remoteGlobalIDString = 4255E87622775A2000F57711;
			remoteInfo = Capstone;
		};
		4255E89722775A2100F57711 /* PBXContainerItemProxy */ = {
			isa = PBXContainerItemProxy;
			containerPortal = 4255E86F22775A2000F57711 /* Project object */;
			proxyType = 1;
			remoteGlobalIDString = 4255E87622775A2000F57711;
			remoteInfo = Capstone;
		};
/* End PBXContainerItemProxy section */

/* Begin PBXFileReference section */
		07354798BD1B5A4D80FCBB95 /* Pods-Capstone.release.xcconfig */ = {isa = PBXFileReference; includeInIndex = 1; lastKnownFileType = text.xcconfig; name = "Pods-Capstone.release.xcconfig"; path = "Pods/Target Support Files/Pods-Capstone/Pods-Capstone.release.xcconfig"; sourceTree = "<group>"; };
		08E456EA8CF183C9F8CC2317 /* Pods-Capstone.debug.xcconfig */ = {isa = PBXFileReference; includeInIndex = 1; lastKnownFileType = text.xcconfig; name = "Pods-Capstone.debug.xcconfig"; path = "Pods/Target Support Files/Pods-Capstone/Pods-Capstone.debug.xcconfig"; sourceTree = "<group>"; };
		36B954F8773B3A2E627D1818 /* Pods-CapstoneUITests.debug.xcconfig */ = {isa = PBXFileReference; includeInIndex = 1; lastKnownFileType = text.xcconfig; name = "Pods-CapstoneUITests.debug.xcconfig"; path = "Pods/Target Support Files/Pods-CapstoneUITests/Pods-CapstoneUITests.debug.xcconfig"; sourceTree = "<group>"; };
		4255E87722775A2000F57711 /* Capstone.app */ = {isa = PBXFileReference; explicitFileType = wrapper.application; includeInIndex = 0; path = Capstone.app; sourceTree = BUILT_PRODUCTS_DIR; };
		4255E87A22775A2000F57711 /* AppDelegate.swift */ = {isa = PBXFileReference; lastKnownFileType = sourcecode.swift; path = AppDelegate.swift; sourceTree = "<group>"; };
		4255E87F22775A2000F57711 /* Base */ = {isa = PBXFileReference; lastKnownFileType = file.storyboard; name = Base; path = Base.lproj/Main.storyboard; sourceTree = "<group>"; };
		4255E88122775A2100F57711 /* Assets.xcassets */ = {isa = PBXFileReference; lastKnownFileType = folder.assetcatalog; path = Assets.xcassets; sourceTree = "<group>"; };
		4255E88422775A2100F57711 /* Base */ = {isa = PBXFileReference; lastKnownFileType = file.storyboard; name = Base; path = Base.lproj/LaunchScreen.storyboard; sourceTree = "<group>"; };
		4255E88622775A2100F57711 /* Info.plist */ = {isa = PBXFileReference; lastKnownFileType = text.plist.xml; path = Info.plist; sourceTree = "<group>"; };
		4255E88B22775A2100F57711 /* CapstoneTests.xctest */ = {isa = PBXFileReference; explicitFileType = wrapper.cfbundle; includeInIndex = 0; path = CapstoneTests.xctest; sourceTree = BUILT_PRODUCTS_DIR; };
		4255E88F22775A2100F57711 /* CapstoneTests.swift */ = {isa = PBXFileReference; lastKnownFileType = sourcecode.swift; path = CapstoneTests.swift; sourceTree = "<group>"; };
		4255E89122775A2100F57711 /* Info.plist */ = {isa = PBXFileReference; lastKnownFileType = text.plist.xml; path = Info.plist; sourceTree = "<group>"; };
		4255E89622775A2100F57711 /* CapstoneUITests.xctest */ = {isa = PBXFileReference; explicitFileType = wrapper.cfbundle; includeInIndex = 0; path = CapstoneUITests.xctest; sourceTree = BUILT_PRODUCTS_DIR; };
		4255E89A22775A2100F57711 /* CapstoneUITests.swift */ = {isa = PBXFileReference; lastKnownFileType = sourcecode.swift; path = CapstoneUITests.swift; sourceTree = "<group>"; };
		4255E89C22775A2100F57711 /* Info.plist */ = {isa = PBXFileReference; lastKnownFileType = text.plist.xml; path = Info.plist; sourceTree = "<group>"; };
		4255E8A822775D1800F57711 /* CommonNavigationController.swift */ = {isa = PBXFileReference; lastKnownFileType = sourcecode.swift; path = CommonNavigationController.swift; sourceTree = "<group>"; };
		4279442E22777712004E24C8 /* mainViewController.swift */ = {isa = PBXFileReference; lastKnownFileType = sourcecode.swift; path = mainViewController.swift; sourceTree = "<group>"; };
		42794430227780BD004E24C8 /* settingsViewController.swift */ = {isa = PBXFileReference; lastKnownFileType = sourcecode.swift; path = settingsViewController.swift; sourceTree = "<group>"; };
		9E67C7CCE648AA7D67446BC9 /* Pods_Capstone.framework */ = {isa = PBXFileReference; explicitFileType = wrapper.framework; includeInIndex = 0; path = Pods_Capstone.framework; sourceTree = BUILT_PRODUCTS_DIR; };
		A21929689BA7B783D5C8E8F9 /* Pods-CapstoneUITests.release.xcconfig */ = {isa = PBXFileReference; includeInIndex = 1; lastKnownFileType = text.xcconfig; name = "Pods-CapstoneUITests.release.xcconfig"; path = "Pods/Target Support Files/Pods-CapstoneUITests/Pods-CapstoneUITests.release.xcconfig"; sourceTree = "<group>"; };
		B9B7D48545F6693EDB5DE612 /* Pods-CapstoneTests.debug.xcconfig */ = {isa = PBXFileReference; includeInIndex = 1; lastKnownFileType = text.xcconfig; name = "Pods-CapstoneTests.debug.xcconfig"; path = "Pods/Target Support Files/Pods-CapstoneTests/Pods-CapstoneTests.debug.xcconfig"; sourceTree = "<group>"; };
		D9BB37D87BB704F64F6E5481 /* Pods_CapstoneUITests.framework */ = {isa = PBXFileReference; explicitFileType = wrapper.framework; includeInIndex = 0; path = Pods_CapstoneUITests.framework; sourceTree = BUILT_PRODUCTS_DIR; };
		E9A4ED2D6B10764CD3B6DD4B /* Pods-CapstoneTests.release.xcconfig */ = {isa = PBXFileReference; includeInIndex = 1; lastKnownFileType = text.xcconfig; name = "Pods-CapstoneTests.release.xcconfig"; path = "Pods/Target Support Files/Pods-CapstoneTests/Pods-CapstoneTests.release.xcconfig"; sourceTree = "<group>"; };
		FDB14E40EDB448E20B8096D0 /* Pods_CapstoneTests.framework */ = {isa = PBXFileReference; explicitFileType = wrapper.framework; includeInIndex = 0; path = Pods_CapstoneTests.framework; sourceTree = BUILT_PRODUCTS_DIR; };
/* End PBXFileReference section */

/* Begin PBXFrameworksBuildPhase section */
		4255E87422775A2000F57711 /* Frameworks */ = {
			isa = PBXFrameworksBuildPhase;
			buildActionMask = 2147483647;
			files = (
				2806CC8FED9071DC1709E7DD /* Pods_Capstone.framework in Frameworks */,
			);
			runOnlyForDeploymentPostprocessing = 0;
		};
		4255E88822775A2100F57711 /* Frameworks */ = {
			isa = PBXFrameworksBuildPhase;
			buildActionMask = 2147483647;
			files = (
				A924EC85BCACBB3E6AAAFAA7 /* Pods_CapstoneTests.framework in Frameworks */,
			);
			runOnlyForDeploymentPostprocessing = 0;
		};
		4255E89322775A2100F57711 /* Frameworks */ = {
			isa = PBXFrameworksBuildPhase;
			buildActionMask = 2147483647;
			files = (
				0C81463217428D05BF868CD6 /* Pods_CapstoneUITests.framework in Frameworks */,
			);
			runOnlyForDeploymentPostprocessing = 0;
		};
/* End PBXFrameworksBuildPhase section */

/* Begin PBXGroup section */
		4255E86E22775A2000F57711 = {
			isa = PBXGroup;
			children = (
				4255E87922775A2000F57711 /* Capstone */,
				4255E88E22775A2100F57711 /* CapstoneTests */,
				4255E89922775A2100F57711 /* CapstoneUITests */,
				4255E87822775A2000F57711 /* Products */,
				7256AEF87EFFF09357E2E1CC /* Pods */,
				7C42BC7FC1576017CB1F5B9E /* Frameworks */,
			);
			sourceTree = "<group>";
		};
		4255E87822775A2000F57711 /* Products */ = {
			isa = PBXGroup;
			children = (
				4255E87722775A2000F57711 /* Capstone.app */,
				4255E88B22775A2100F57711 /* CapstoneTests.xctest */,
				4255E89622775A2100F57711 /* CapstoneUITests.xctest */,
			);
			name = Products;
			sourceTree = "<group>";
		};
		4255E87922775A2000F57711 /* Capstone */ = {
			isa = PBXGroup;
			children = (
				4255E87A22775A2000F57711 /* AppDelegate.swift */,
				4255E87E22775A2000F57711 /* Main.storyboard */,
				4255E88122775A2100F57711 /* Assets.xcassets */,
				4255E88322775A2100F57711 /* LaunchScreen.storyboard */,
				4255E88622775A2100F57711 /* Info.plist */,
				4255E8A822775D1800F57711 /* CommonNavigationController.swift */,
				4279442E22777712004E24C8 /* mainViewController.swift */,
				42794430227780BD004E24C8 /* settingsViewController.swift */,
			);
			path = Capstone;
			sourceTree = "<group>";
		};
		4255E88E22775A2100F57711 /* CapstoneTests */ = {
			isa = PBXGroup;
			children = (
				4255E88F22775A2100F57711 /* CapstoneTests.swift */,
				4255E89122775A2100F57711 /* Info.plist */,
			);
			path = CapstoneTests;
			sourceTree = "<group>";
		};
		4255E89922775A2100F57711 /* CapstoneUITests */ = {
			isa = PBXGroup;
			children = (
				4255E89A22775A2100F57711 /* CapstoneUITests.swift */,
				4255E89C22775A2100F57711 /* Info.plist */,
			);
			path = CapstoneUITests;
			sourceTree = "<group>";
		};
		7256AEF87EFFF09357E2E1CC /* Pods */ = {
			isa = PBXGroup;
			children = (
				08E456EA8CF183C9F8CC2317 /* Pods-Capstone.debug.xcconfig */,
				07354798BD1B5A4D80FCBB95 /* Pods-Capstone.release.xcconfig */,
				B9B7D48545F6693EDB5DE612 /* Pods-CapstoneTests.debug.xcconfig */,
				E9A4ED2D6B10764CD3B6DD4B /* Pods-CapstoneTests.release.xcconfig */,
				36B954F8773B3A2E627D1818 /* Pods-CapstoneUITests.debug.xcconfig */,
				A21929689BA7B783D5C8E8F9 /* Pods-CapstoneUITests.release.xcconfig */,
			);
			name = Pods;
			sourceTree = "<group>";
		};
		7C42BC7FC1576017CB1F5B9E /* Frameworks */ = {
			isa = PBXGroup;
			children = (
				9E67C7CCE648AA7D67446BC9 /* Pods_Capstone.framework */,
				FDB14E40EDB448E20B8096D0 /* Pods_CapstoneTests.framework */,
				D9BB37D87BB704F64F6E5481 /* Pods_CapstoneUITests.framework */,
			);
			name = Frameworks;
			sourceTree = "<group>";
		};
/* End PBXGroup section */

/* Begin PBXNativeTarget section */
		4255E87622775A2000F57711 /* Capstone */ = {
			isa = PBXNativeTarget;
			buildConfigurationList = 4255E89F22775A2100F57711 /* Build configuration list for PBXNativeTarget "Capstone" */;
			buildPhases = (
				A597991D40F99CFD493025FD /* [CP] Check Pods Manifest.lock */,
				4255E87322775A2000F57711 /* Sources */,
				4255E87422775A2000F57711 /* Frameworks */,
				4255E87522775A2000F57711 /* Resources */,
				52C46B125EFBB67ACAE4F250 /* [CP] Embed Pods Frameworks */,
			);
			buildRules = (
			);
			dependencies = (
			);
			name = Capstone;
			productName = Capstone;
			productReference = 4255E87722775A2000F57711 /* Capstone.app */;
			productType = "com.apple.product-type.application";
		};
		4255E88A22775A2100F57711 /* CapstoneTests */ = {
			isa = PBXNativeTarget;
			buildConfigurationList = 4255E8A222775A2100F57711 /* Build configuration list for PBXNativeTarget "CapstoneTests" */;
			buildPhases = (
				0FEEAF846B49E115DB9FBBAC /* [CP] Check Pods Manifest.lock */,
				4255E88722775A2100F57711 /* Sources */,
				4255E88822775A2100F57711 /* Frameworks */,
				4255E88922775A2100F57711 /* Resources */,
			);
			buildRules = (
			);
			dependencies = (
				4255E88D22775A2100F57711 /* PBXTargetDependency */,
			);
			name = CapstoneTests;
			productName = CapstoneTests;
			productReference = 4255E88B22775A2100F57711 /* CapstoneTests.xctest */;
			productType = "com.apple.product-type.bundle.unit-test";
		};
		4255E89522775A2100F57711 /* CapstoneUITests */ = {
			isa = PBXNativeTarget;
			buildConfigurationList = 4255E8A522775A2100F57711 /* Build configuration list for PBXNativeTarget "CapstoneUITests" */;
			buildPhases = (
				8AA86023BB8A1D4C247F748C /* [CP] Check Pods Manifest.lock */,
				4255E89222775A2100F57711 /* Sources */,
				4255E89322775A2100F57711 /* Frameworks */,
				4255E89422775A2100F57711 /* Resources */,
			);
			buildRules = (
			);
			dependencies = (
				4255E89822775A2100F57711 /* PBXTargetDependency */,
			);
			name = CapstoneUITests;
			productName = CapstoneUITests;
			productReference = 4255E89622775A2100F57711 /* CapstoneUITests.xctest */;
			productType = "com.apple.product-type.bundle.ui-testing";
		};
/* End PBXNativeTarget section */

/* Begin PBXProject section */
		4255E86F22775A2000F57711 /* Project object */ = {
			isa = PBXProject;
			attributes = {
				LastSwiftUpdateCheck = 1020;
				LastUpgradeCheck = 1020;
				ORGANIZATIONNAME = "Kim Chan Il";
				TargetAttributes = {
					4255E87622775A2000F57711 = {
						CreatedOnToolsVersion = 10.2.1;
					};
					4255E88A22775A2100F57711 = {
						CreatedOnToolsVersion = 10.2.1;
						TestTargetID = 4255E87622775A2000F57711;
					};
					4255E89522775A2100F57711 = {
						CreatedOnToolsVersion = 10.2.1;
						TestTargetID = 4255E87622775A2000F57711;
					};
				};
			};
			buildConfigurationList = 4255E87222775A2000F57711 /* Build configuration list for PBXProject "Capstone" */;
			compatibilityVersion = "Xcode 9.3";
			developmentRegion = en;
			hasScannedForEncodings = 0;
			knownRegions = (
				en,
				Base,
			);
			mainGroup = 4255E86E22775A2000F57711;
			productRefGroup = 4255E87822775A2000F57711 /* Products */;
			projectDirPath = "";
			projectRoot = "";
			targets = (
				4255E87622775A2000F57711 /* Capstone */,
				4255E88A22775A2100F57711 /* CapstoneTests */,
				4255E89522775A2100F57711 /* CapstoneUITests */,
			);
		};
/* End PBXProject section */

/* Begin PBXResourcesBuildPhase section */
		4255E87522775A2000F57711 /* Resources */ = {
			isa = PBXResourcesBuildPhase;
			buildActionMask = 2147483647;
			files = (
				4255E88522775A2100F57711 /* LaunchScreen.storyboard in Resources */,
				4255E88222775A2100F57711 /* Assets.xcassets in Resources */,
				4255E88022775A2000F57711 /* Main.storyboard in Resources */,
			);
			runOnlyForDeploymentPostprocessing = 0;
		};
		4255E88922775A2100F57711 /* Resources */ = {
			isa = PBXResourcesBuildPhase;
			buildActionMask = 2147483647;
			files = (
			);
			runOnlyForDeploymentPostprocessing = 0;
		};
		4255E89422775A2100F57711 /* Resources */ = {
			isa = PBXResourcesBuildPhase;
			buildActionMask = 2147483647;
			files = (
			);
			runOnlyForDeploymentPostprocessing = 0;
		};
/* End PBXResourcesBuildPhase section */

/* Begin PBXShellScriptBuildPhase section */
		0FEEAF846B49E115DB9FBBAC /* [CP] Check Pods Manifest.lock */ = {
			isa = PBXShellScriptBuildPhase;
			buildActionMask = 2147483647;
			files = (
			);
			inputFileListPaths = (
			);
			inputPaths = (
				"${PODS_PODFILE_DIR_PATH}/Podfile.lock",
				"${PODS_ROOT}/Manifest.lock",
			);
			name = "[CP] Check Pods Manifest.lock";
			outputFileListPaths = (
			);
			outputPaths = (
				"$(DERIVED_FILE_DIR)/Pods-CapstoneTests-checkManifestLockResult.txt",
			);
			runOnlyForDeploymentPostprocessing = 0;
			shellPath = /bin/sh;
			shellScript = "diff \"${PODS_PODFILE_DIR_PATH}/Podfile.lock\" \"${PODS_ROOT}/Manifest.lock\" > /dev/null\nif [ $? != 0 ] ; then\n    # print error to STDERR\n    echo \"error: The sandbox is not in sync with the Podfile.lock. Run 'pod install' or update your CocoaPods installation.\" >&2\n    exit 1\nfi\n# This output is used by Xcode 'outputs' to avoid re-running this script phase.\necho \"SUCCESS\" > \"${SCRIPT_OUTPUT_FILE_0}\"\n";
			showEnvVarsInLog = 0;
		};
		52C46B125EFBB67ACAE4F250 /* [CP] Embed Pods Frameworks */ = {
			isa = PBXShellScriptBuildPhase;
			buildActionMask = 2147483647;
			files = (
			);
			inputFileListPaths = (
			);
			inputPaths = (
				"${SRCROOT}/Pods/Target Support Files/Pods-Capstone/Pods-Capstone-frameworks.sh",
				"${BUILT_PRODUCTS_DIR}/Alamofire/Alamofire.framework",
				"${BUILT_PRODUCTS_DIR}/AlamofireImage/AlamofireImage.framework",
				"${BUILT_PRODUCTS_DIR}/Canvas+/Canvas_.framework",
				"${BUILT_PRODUCTS_DIR}/Material/Material.framework",
				"${BUILT_PRODUCTS_DIR}/Motion/Motion.framework",
				"${BUILT_PRODUCTS_DIR}/REFormattedNumberField/REFormattedNumberField.framework",
				"${BUILT_PRODUCTS_DIR}/RETableViewManager/RETableViewManager.framework",
				"${BUILT_PRODUCTS_DIR}/REValidation/REValidation.framework",
				"${BUILT_PRODUCTS_DIR}/ReactiveCocoa/ReactiveCocoa.framework",
				"${BUILT_PRODUCTS_DIR}/ReactiveSwift/ReactiveSwift.framework",
				"${BUILT_PRODUCTS_DIR}/Realm/Realm.framework",
				"${BUILT_PRODUCTS_DIR}/RealmSwift/RealmSwift.framework",
				"${BUILT_PRODUCTS_DIR}/SnapKit/SnapKit.framework",
				"${BUILT_PRODUCTS_DIR}/ZJTableViewManager/ZJTableViewManager.framework",
			);
			name = "[CP] Embed Pods Frameworks";
			outputFileListPaths = (
			);
			outputPaths = (
				"${TARGET_BUILD_DIR}/${FRAMEWORKS_FOLDER_PATH}/Alamofire.framework",
				"${TARGET_BUILD_DIR}/${FRAMEWORKS_FOLDER_PATH}/AlamofireImage.framework",
				"${TARGET_BUILD_DIR}/${FRAMEWORKS_FOLDER_PATH}/Canvas_.framework",
				"${TARGET_BUILD_DIR}/${FRAMEWORKS_FOLDER_PATH}/Material.framework",
				"${TARGET_BUILD_DIR}/${FRAMEWORKS_FOLDER_PATH}/Motion.framework",
				"${TARGET_BUILD_DIR}/${FRAMEWORKS_FOLDER_PATH}/REFormattedNumberField.framework",
				"${TARGET_BUILD_DIR}/${FRAMEWORKS_FOLDER_PATH}/RETableViewManager.framework",
				"${TARGET_BUILD_DIR}/${FRAMEWORKS_FOLDER_PATH}/REValidation.framework",
				"${TARGET_BUILD_DIR}/${FRAMEWORKS_FOLDER_PATH}/ReactiveCocoa.framework",
				"${TARGET_BUILD_DIR}/${FRAMEWORKS_FOLDER_PATH}/ReactiveSwift.framework",
				"${TARGET_BUILD_DIR}/${FRAMEWORKS_FOLDER_PATH}/Realm.framework",
				"${TARGET_BUILD_DIR}/${FRAMEWORKS_FOLDER_PATH}/RealmSwift.framework",
				"${TARGET_BUILD_DIR}/${FRAMEWORKS_FOLDER_PATH}/SnapKit.framework",
				"${TARGET_BUILD_DIR}/${FRAMEWORKS_FOLDER_PATH}/ZJTableViewManager.framework",
			);
			runOnlyForDeploymentPostprocessing = 0;
			shellPath = /bin/sh;
			shellScript = "\"${SRCROOT}/Pods/Target Support Files/Pods-Capstone/Pods-Capstone-frameworks.sh\"\n";
			showEnvVarsInLog = 0;
		};
		8AA86023BB8A1D4C247F748C /* [CP] Check Pods Manifest.lock */ = {
			isa = PBXShellScriptBuildPhase;
			buildActionMask = 2147483647;
			files = (
			);
			inputFileListPaths = (
			);
			inputPaths = (
				"${PODS_PODFILE_DIR_PATH}/Podfile.lock",
				"${PODS_ROOT}/Manifest.lock",
			);
			name = "[CP] Check Pods Manifest.lock";
			outputFileListPaths = (
			);
			outputPaths = (
				"$(DERIVED_FILE_DIR)/Pods-CapstoneUITests-checkManifestLockResult.txt",
			);
			runOnlyForDeploymentPostprocessing = 0;
			shellPath = /bin/sh;
			shellScript = "diff \"${PODS_PODFILE_DIR_PATH}/Podfile.lock\" \"${PODS_ROOT}/Manifest.lock\" > /dev/null\nif [ $? != 0 ] ; then\n    # print error to STDERR\n    echo \"error: The sandbox is not in sync with the Podfile.lock. Run 'pod install' or update your CocoaPods installation.\" >&2\n    exit 1\nfi\n# This output is used by Xcode 'outputs' to avoid re-running this script phase.\necho \"SUCCESS\" > \"${SCRIPT_OUTPUT_FILE_0}\"\n";
			showEnvVarsInLog = 0;
		};
		A597991D40F99CFD493025FD /* [CP] Check Pods Manifest.lock */ = {
			isa = PBXShellScriptBuildPhase;
			buildActionMask = 2147483647;
			files = (
			);
			inputFileListPaths = (
			);
			inputPaths = (
				"${PODS_PODFILE_DIR_PATH}/Podfile.lock",
				"${PODS_ROOT}/Manifest.lock",
			);
			name = "[CP] Check Pods Manifest.lock";
			outputFileListPaths = (
			);
			outputPaths = (
				"$(DERIVED_FILE_DIR)/Pods-Capstone-checkManifestLockResult.txt",
			);
			runOnlyForDeploymentPostprocessing = 0;
			shellPath = /bin/sh;
			shellScript = "diff \"${PODS_PODFILE_DIR_PATH}/Podfile.lock\" \"${PODS_ROOT}/Manifest.lock\" > /dev/null\nif [ $? != 0 ] ; then\n    # print error to STDERR\n    echo \"error: The sandbox is not in sync with the Podfile.lock. Run 'pod install' or update your CocoaPods installation.\" >&2\n    exit 1\nfi\n# This output is used by Xcode 'outputs' to avoid re-running this script phase.\necho \"SUCCESS\" > \"${SCRIPT_OUTPUT_FILE_0}\"\n";
			showEnvVarsInLog = 0;
		};
/* End PBXShellScriptBuildPhase section */

/* Begin PBXSourcesBuildPhase section */
		4255E87322775A2000F57711 /* Sources */ = {
			isa = PBXSourcesBuildPhase;
			buildActionMask = 2147483647;
			files = (
				4255E8A922775D1800F57711 /* CommonNavigationController.swift in Sources */,
				4255E87B22775A2000F57711 /* AppDelegate.swift in Sources */,
				4279442F22777712004E24C8 /* mainViewController.swift in Sources */,
				42794431227780BD004E24C8 /* settingsViewController.swift in Sources */,
			);
			runOnlyForDeploymentPostprocessing = 0;
		};
		4255E88722775A2100F57711 /* Sources */ = {
			isa = PBXSourcesBuildPhase;
			buildActionMask = 2147483647;
			files = (
				4255E89022775A2100F57711 /* CapstoneTests.swift in Sources */,
			);
			runOnlyForDeploymentPostprocessing = 0;
		};
		4255E89222775A2100F57711 /* Sources */ = {
			isa = PBXSourcesBuildPhase;
			buildActionMask = 2147483647;
			files = (
				4255E89B22775A2100F57711 /* CapstoneUITests.swift in Sources */,
			);
			runOnlyForDeploymentPostprocessing = 0;
		};
/* End PBXSourcesBuildPhase section */

/* Begin PBXTargetDependency section */
		4255E88D22775A2100F57711 /* PBXTargetDependency */ = {
			isa = PBXTargetDependency;
			target = 4255E87622775A2000F57711 /* Capstone */;
			targetProxy = 4255E88C22775A2100F57711 /* PBXContainerItemProxy */;
		};
		4255E89822775A2100F57711 /* PBXTargetDependency */ = {
			isa = PBXTargetDependency;
			target = 4255E87622775A2000F57711 /* Capstone */;
			targetProxy = 4255E89722775A2100F57711 /* PBXContainerItemProxy */;
		};
/* End PBXTargetDependency section */

/* Begin PBXVariantGroup section */
		4255E87E22775A2000F57711 /* Main.storyboard */ = {
			isa = PBXVariantGroup;
			children = (
				4255E87F22775A2000F57711 /* Base */,
			);
			name = Main.storyboard;
			sourceTree = "<group>";
		};
		4255E88322775A2100F57711 /* LaunchScreen.storyboard */ = {
			isa = PBXVariantGroup;
			children = (
				4255E88422775A2100F57711 /* Base */,
			);
			name = LaunchScreen.storyboard;
			sourceTree = "<group>";
		};
/* End PBXVariantGroup section */

/* Begin XCBuildConfiguration section */
		4255E89D22775A2100F57711 /* Debug */ = {
			isa = XCBuildConfiguration;
			buildSettings = {
				ALWAYS_SEARCH_USER_PATHS = NO;
				CLANG_ANALYZER_NONNULL = YES;
				CLANG_ANALYZER_NUMBER_OBJECT_CONVERSION = YES_AGGRESSIVE;
				CLANG_CXX_LANGUAGE_STANDARD = "gnu++14";
				CLANG_CXX_LIBRARY = "libc++";
				CLANG_ENABLE_MODULES = YES;
				CLANG_ENABLE_OBJC_ARC = YES;
				CLANG_ENABLE_OBJC_WEAK = YES;
				CLANG_WARN_BLOCK_CAPTURE_AUTORELEASING = YES;
				CLANG_WARN_BOOL_CONVERSION = YES;
				CLANG_WARN_COMMA = YES;
				CLANG_WARN_CONSTANT_CONVERSION = YES;
				CLANG_WARN_DEPRECATED_OBJC_IMPLEMENTATIONS = YES;
				CLANG_WARN_DIRECT_OBJC_ISA_USAGE = YES_ERROR;
				CLANG_WARN_DOCUMENTATION_COMMENTS = YES;
				CLANG_WARN_EMPTY_BODY = YES;
				CLANG_WARN_ENUM_CONVERSION = YES;
				CLANG_WARN_INFINITE_RECURSION = YES;
				CLANG_WARN_INT_CONVERSION = YES;
				CLANG_WARN_NON_LITERAL_NULL_CONVERSION = YES;
				CLANG_WARN_OBJC_IMPLICIT_RETAIN_SELF = YES;
				CLANG_WARN_OBJC_LITERAL_CONVERSION = YES;
				CLANG_WARN_OBJC_ROOT_CLASS = YES_ERROR;
				CLANG_WARN_RANGE_LOOP_ANALYSIS = YES;
				CLANG_WARN_STRICT_PROTOTYPES = YES;
				CLANG_WARN_SUSPICIOUS_MOVE = YES;
				CLANG_WARN_UNGUARDED_AVAILABILITY = YES_AGGRESSIVE;
				CLANG_WARN_UNREACHABLE_CODE = YES;
				CLANG_WARN__DUPLICATE_METHOD_MATCH = YES;
				CODE_SIGN_IDENTITY = "iPhone Developer";
				COPY_PHASE_STRIP = NO;
				DEBUG_INFORMATION_FORMAT = dwarf;
				ENABLE_STRICT_OBJC_MSGSEND = YES;
				ENABLE_TESTABILITY = YES;
				GCC_C_LANGUAGE_STANDARD = gnu11;
				GCC_DYNAMIC_NO_PIC = NO;
				GCC_NO_COMMON_BLOCKS = YES;
				GCC_OPTIMIZATION_LEVEL = 0;
				GCC_PREPROCESSOR_DEFINITIONS = (
					"DEBUG=1",
					"$(inherited)",
				);
				GCC_WARN_64_TO_32_BIT_CONVERSION = YES;
				GCC_WARN_ABOUT_RETURN_TYPE = YES_ERROR;
				GCC_WARN_UNDECLARED_SELECTOR = YES;
				GCC_WARN_UNINITIALIZED_AUTOS = YES_AGGRESSIVE;
				GCC_WARN_UNUSED_FUNCTION = YES;
				GCC_WARN_UNUSED_VARIABLE = YES;
				IPHONEOS_DEPLOYMENT_TARGET = 12.2;
				MTL_ENABLE_DEBUG_INFO = INCLUDE_SOURCE;
				MTL_FAST_MATH = YES;
				ONLY_ACTIVE_ARCH = YES;
				SDKROOT = iphoneos;
				SWIFT_ACTIVE_COMPILATION_CONDITIONS = DEBUG;
				SWIFT_OPTIMIZATION_LEVEL = "-Onone";
			};
			name = Debug;
		};
		4255E89E22775A2100F57711 /* Release */ = {
			isa = XCBuildConfiguration;
			buildSettings = {
				ALWAYS_SEARCH_USER_PATHS = NO;
				CLANG_ANALYZER_NONNULL = YES;
				CLANG_ANALYZER_NUMBER_OBJECT_CONVERSION = YES_AGGRESSIVE;
				CLANG_CXX_LANGUAGE_STANDARD = "gnu++14";
				CLANG_CXX_LIBRARY = "libc++";
				CLANG_ENABLE_MODULES = YES;
				CLANG_ENABLE_OBJC_ARC = YES;
				CLANG_ENABLE_OBJC_WEAK = YES;
				CLANG_WARN_BLOCK_CAPTURE_AUTORELEASING = YES;
				CLANG_WARN_BOOL_CONVERSION = YES;
				CLANG_WARN_COMMA = YES;
				CLANG_WARN_CONSTANT_CONVERSION = YES;
				CLANG_WARN_DEPRECATED_OBJC_IMPLEMENTATIONS = YES;
				CLANG_WARN_DIRECT_OBJC_ISA_USAGE = YES_ERROR;
				CLANG_WARN_DOCUMENTATION_COMMENTS = YES;
				CLANG_WARN_EMPTY_BODY = YES;
				CLANG_WARN_ENUM_CONVERSION = YES;
				CLANG_WARN_INFINITE_RECURSION = YES;
				CLANG_WARN_INT_CONVERSION = YES;
				CLANG_WARN_NON_LITERAL_NULL_CONVERSION = YES;
				CLANG_WARN_OBJC_IMPLICIT_RETAIN_SELF = YES;
				CLANG_WARN_OBJC_LITERAL_CONVERSION = YES;
				CLANG_WARN_OBJC_ROOT_CLASS = YES_ERROR;
				CLANG_WARN_RANGE_LOOP_ANALYSIS = YES;
				CLANG_WARN_STRICT_PROTOTYPES = YES;
				CLANG_WARN_SUSPICIOUS_MOVE = YES;
				CLANG_WARN_UNGUARDED_AVAILABILITY = YES_AGGRESSIVE;
				CLANG_WARN_UNREACHABLE_CODE = YES;
				CLANG_WARN__DUPLICATE_METHOD_MATCH = YES;
				CODE_SIGN_IDENTITY = "iPhone Developer";
				COPY_PHASE_STRIP = NO;
				DEBUG_INFORMATION_FORMAT = "dwarf-with-dsym";
				ENABLE_NS_ASSERTIONS = NO;
				ENABLE_STRICT_OBJC_MSGSEND = YES;
				GCC_C_LANGUAGE_STANDARD = gnu11;
				GCC_NO_COMMON_BLOCKS = YES;
				GCC_WARN_64_TO_32_BIT_CONVERSION = YES;
				GCC_WARN_ABOUT_RETURN_TYPE = YES_ERROR;
				GCC_WARN_UNDECLARED_SELECTOR = YES;
				GCC_WARN_UNINITIALIZED_AUTOS = YES_AGGRESSIVE;
				GCC_WARN_UNUSED_FUNCTION = YES;
				GCC_WARN_UNUSED_VARIABLE = YES;
				IPHONEOS_DEPLOYMENT_TARGET = 12.2;
				MTL_ENABLE_DEBUG_INFO = NO;
				MTL_FAST_MATH = YES;
				SDKROOT = iphoneos;
				SWIFT_COMPILATION_MODE = wholemodule;
				SWIFT_OPTIMIZATION_LEVEL = "-O";
				VALIDATE_PRODUCT = YES;
			};
			name = Release;
		};
		4255E8A022775A2100F57711 /* Debug */ = {
			isa = XCBuildConfiguration;
			baseConfigurationReference = 08E456EA8CF183C9F8CC2317 /* Pods-Capstone.debug.xcconfig */;
			buildSettings = {
				ASSETCATALOG_COMPILER_APPICON_NAME = AppIcon;
				CODE_SIGN_STYLE = Automatic;
				DEVELOPMENT_TEAM = BVMNNA3K73;
				INFOPLIST_FILE = Capstone/Info.plist;
				LD_RUNPATH_SEARCH_PATHS = (
					"$(inherited)",
					"@executable_path/Frameworks",
				);
				PRODUCT_BUNDLE_IDENTIFIER = doodles.Capstone;
				PRODUCT_NAME = "$(TARGET_NAME)";
				SWIFT_VERSION = 5.0;
				TARGETED_DEVICE_FAMILY = 2;
			};
			name = Debug;
		};
		4255E8A122775A2100F57711 /* Release */ = {
			isa = XCBuildConfiguration;
			baseConfigurationReference = 07354798BD1B5A4D80FCBB95 /* Pods-Capstone.release.xcconfig */;
			buildSettings = {
				ASSETCATALOG_COMPILER_APPICON_NAME = AppIcon;
				CODE_SIGN_STYLE = Automatic;
				DEVELOPMENT_TEAM = BVMNNA3K73;
				INFOPLIST_FILE = Capstone/Info.plist;
				LD_RUNPATH_SEARCH_PATHS = (
					"$(inherited)",
					"@executable_path/Frameworks",
				);
				PRODUCT_BUNDLE_IDENTIFIER = doodles.Capstone;
				PRODUCT_NAME = "$(TARGET_NAME)";
				SWIFT_VERSION = 5.0;
				TARGETED_DEVICE_FAMILY = 2;
			};
			name = Release;
		};
		4255E8A322775A2100F57711 /* Debug */ = {
			isa = XCBuildConfiguration;
			baseConfigurationReference = B9B7D48545F6693EDB5DE612 /* Pods-CapstoneTests.debug.xcconfig */;
			buildSettings = {
				ALWAYS_EMBED_SWIFT_STANDARD_LIBRARIES = YES;
				BUNDLE_LOADER = "$(TEST_HOST)";
				CODE_SIGN_STYLE = Automatic;
				DEVELOPMENT_TEAM = BVMNNA3K73;
				INFOPLIST_FILE = CapstoneTests/Info.plist;
				LD_RUNPATH_SEARCH_PATHS = (
					"$(inherited)",
					"@executable_path/Frameworks",
					"@loader_path/Frameworks",
				);
				PRODUCT_BUNDLE_IDENTIFIER = doodles.CapstoneTests;
				PRODUCT_NAME = "$(TARGET_NAME)";
				SWIFT_VERSION = 5.0;
				TARGETED_DEVICE_FAMILY = "1,2";
				TEST_HOST = "$(BUILT_PRODUCTS_DIR)/Capstone.app/Capstone";
			};
			name = Debug;
		};
		4255E8A422775A2100F57711 /* Release */ = {
			isa = XCBuildConfiguration;
			baseConfigurationReference = E9A4ED2D6B10764CD3B6DD4B /* Pods-CapstoneTests.release.xcconfig */;
			buildSettings = {
				ALWAYS_EMBED_SWIFT_STANDARD_LIBRARIES = YES;
				BUNDLE_LOADER = "$(TEST_HOST)";
				CODE_SIGN_STYLE = Automatic;
				DEVELOPMENT_TEAM = BVMNNA3K73;
				INFOPLIST_FILE = CapstoneTests/Info.plist;
				LD_RUNPATH_SEARCH_PATHS = (
					"$(inherited)",
					"@executable_path/Frameworks",
					"@loader_path/Frameworks",
				);
				PRODUCT_BUNDLE_IDENTIFIER = doodles.CapstoneTests;
				PRODUCT_NAME = "$(TARGET_NAME)";
				SWIFT_VERSION = 5.0;
				TARGETED_DEVICE_FAMILY = "1,2";
				TEST_HOST = "$(BUILT_PRODUCTS_DIR)/Capstone.app/Capstone";
			};
			name = Release;
		};
		4255E8A622775A2100F57711 /* Debug */ = {
			isa = XCBuildConfiguration;
			baseConfigurationReference = 36B954F8773B3A2E627D1818 /* Pods-CapstoneUITests.debug.xcconfig */;
			buildSettings = {
				ALWAYS_EMBED_SWIFT_STANDARD_LIBRARIES = YES;
				CODE_SIGN_STYLE = Automatic;
				DEVELOPMENT_TEAM = BVMNNA3K73;
				INFOPLIST_FILE = CapstoneUITests/Info.plist;
				LD_RUNPATH_SEARCH_PATHS = (
					"$(inherited)",
					"@executable_path/Frameworks",
					"@loader_path/Frameworks",
				);
				PRODUCT_BUNDLE_IDENTIFIER = doodles.CapstoneUITests;
				PRODUCT_NAME = "$(TARGET_NAME)";
				SWIFT_VERSION = 5.0;
				TARGETED_DEVICE_FAMILY = "1,2";
				TEST_TARGET_NAME = Capstone;
			};
			name = Debug;
		};
		4255E8A722775A2100F57711 /* Release */ = {
			isa = XCBuildConfiguration;
			baseConfigurationReference = A21929689BA7B783D5C8E8F9 /* Pods-CapstoneUITests.release.xcconfig */;
			buildSettings = {
				ALWAYS_EMBED_SWIFT_STANDARD_LIBRARIES = YES;
				CODE_SIGN_STYLE = Automatic;
				DEVELOPMENT_TEAM = BVMNNA3K73;
				INFOPLIST_FILE = CapstoneUITests/Info.plist;
				LD_RUNPATH_SEARCH_PATHS = (
					"$(inherited)",
					"@executable_path/Frameworks",
					"@loader_path/Frameworks",
				);
				PRODUCT_BUNDLE_IDENTIFIER = doodles.CapstoneUITests;
				PRODUCT_NAME = "$(TARGET_NAME)";
				SWIFT_VERSION = 5.0;
				TARGETED_DEVICE_FAMILY = "1,2";
				TEST_TARGET_NAME = Capstone;
			};
			name = Release;
		};
/* End XCBuildConfiguration section */

/* Begin XCConfigurationList section */
		4255E87222775A2000F57711 /* Build configuration list for PBXProject "Capstone" */ = {
			isa = XCConfigurationList;
			buildConfigurations = (
				4255E89D22775A2100F57711 /* Debug */,
				4255E89E22775A2100F57711 /* Release */,
			);
			defaultConfigurationIsVisible = 0;
			defaultConfigurationName = Release;
		};
		4255E89F22775A2100F57711 /* Build configuration list for PBXNativeTarget "Capstone" */ = {
			isa = XCConfigurationList;
			buildConfigurations = (
				4255E8A022775A2100F57711 /* Debug */,
				4255E8A122775A2100F57711 /* Release */,
			);
			defaultConfigurationIsVisible = 0;
			defaultConfigurationName = Release;
		};
		4255E8A222775A2100F57711 /* Build configuration list for PBXNativeTarget "CapstoneTests" */ = {
			isa = XCConfigurationList;
			buildConfigurations = (
				4255E8A322775A2100F57711 /* Debug */,
				4255E8A422775A2100F57711 /* Release */,
			);
			defaultConfigurationIsVisible = 0;
			defaultConfigurationName = Release;
		};
		4255E8A522775A2100F57711 /* Build configuration list for PBXNativeTarget "CapstoneUITests" */ = {
			isa = XCConfigurationList;
			buildConfigurations = (
				4255E8A622775A2100F57711 /* Debug */,
				4255E8A722775A2100F57711 /* Release */,
			);
			defaultConfigurationIsVisible = 0;
			defaultConfigurationName = Release;
		};
/* End XCConfigurationList section */
	};
	rootObject = 4255E86F22775A2000F57711 /* Project object */;
}
